// !$*UTF8*$!
{
	archiveVersion = 1;
	classes = {
	};
	objectVersion = 56;
	objects = {

/* Begin PBXBuildFile section */
		3DFDCB5D2BC6D6E300BA66D9 /* SwiftUI1App.swift in Sources */ = {isa = PBXBuildFile; fileRef = 3DFDCB5C2BC6D6E300BA66D9 /* SwiftUI1App.swift */; };
		3DFDCB5F2BC6D6E300BA66D9 /* ContentView.swift in Sources */ = {isa = PBXBuildFile; fileRef = 3DFDCB5E2BC6D6E300BA66D9 /* ContentView.swift */; };
		3DFDCB612BC6D6E500BA66D9 /* Assets.xcassets in Resources */ = {isa = PBXBuildFile; fileRef = 3DFDCB602BC6D6E500BA66D9 /* Assets.xcassets */; };
		3DFDCB642BC6D6E500BA66D9 /* Preview Assets.xcassets in Resources */ = {isa = PBXBuildFile; fileRef = 3DFDCB632BC6D6E500BA66D9 /* Preview Assets.xcassets */; };
		3DFDCB6D2BC6E1E900BA66D9 /* SwiftUIView.swift in Sources */ = {isa = PBXBuildFile; fileRef = 3DFDCB6C2BC6E1E900BA66D9 /* SwiftUIView.swift */; };
		3DFDCB6F2BC94AFC00BA66D9 /* KaspiHW.swift in Sources */ = {isa = PBXBuildFile; fileRef = 3DFDCB6E2BC94AFC00BA66D9 /* KaspiHW.swift */; };
		3DFDCB712BC95ABB00BA66D9 /* SegmentControl.swift in Sources */ = {isa = PBXBuildFile; fileRef = 3DFDCB702BC95ABB00BA66D9 /* SegmentControl.swift */; };
/* End PBXBuildFile section */

/* Begin PBXFileReference section */
		3DFDCB592BC6D6E300BA66D9 /* SwiftUI1.app */ = {isa = PBXFileReference; explicitFileType = wrapper.application; includeInIndex = 0; path = SwiftUI1.app; sourceTree = BUILT_PRODUCTS_DIR; };
		3DFDCB5C2BC6D6E300BA66D9 /* SwiftUI1App.swift */ = {isa = PBXFileReference; lastKnownFileType = sourcecode.swift; path = SwiftUI1App.swift; sourceTree = "<group>"; };
		3DFDCB5E2BC6D6E300BA66D9 /* ContentView.swift */ = {isa = PBXFileReference; lastKnownFileType = sourcecode.swift; path = ContentView.swift; sourceTree = "<group>"; };
		3DFDCB602BC6D6E500BA66D9 /* Assets.xcassets */ = {isa = PBXFileReference; lastKnownFileType = folder.assetcatalog; path = Assets.xcassets; sourceTree = "<group>"; };
		3DFDCB632BC6D6E500BA66D9 /* Preview Assets.xcassets */ = {isa = PBXFileReference; lastKnownFileType = folder.assetcatalog; path = "Preview Assets.xcassets"; sourceTree = "<group>"; };
		3DFDCB6C2BC6E1E900BA66D9 /* SwiftUIView.swift */ = {isa = PBXFileReference; lastKnownFileType = sourcecode.swift; path = SwiftUIView.swift; sourceTree = "<group>"; };
		3DFDCB6E2BC94AFC00BA66D9 /* KaspiHW.swift */ = {isa = PBXFileReference; lastKnownFileType = sourcecode.swift; path = KaspiHW.swift; sourceTree = "<group>"; };
		3DFDCB702BC95ABB00BA66D9 /* SegmentControl.swift */ = {isa = PBXFileReference; lastKnownFileType = sourcecode.swift; path = SegmentControl.swift; sourceTree = "<group>"; };
/* End PBXFileReference section */

/* Begin PBXFrameworksBuildPhase section */
		3DFDCB562BC6D6E300BA66D9 /* Frameworks */ = {
			isa = PBXFrameworksBuildPhase;
			buildActionMask = 2147483647;
			files = (
			);
			runOnlyForDeploymentPostprocessing = 0;
		};
/* End PBXFrameworksBuildPhase section */

/* Begin PBXGroup section */
		3DFDCB502BC6D6E300BA66D9 = {
			isa = PBXGroup;
			children = (
				3DFDCB5B2BC6D6E300BA66D9 /* SwiftUI1 */,
				3DFDCB5A2BC6D6E300BA66D9 /* Products */,
			);
			sourceTree = "<group>";
		};
		3DFDCB5A2BC6D6E300BA66D9 /* Products */ = {
			isa = PBXGroup;
			children = (
				3DFDCB592BC6D6E300BA66D9 /* SwiftUI1.app */,
			);
			name = Products;
			sourceTree = "<group>";
		};
		3DFDCB5B2BC6D6E300BA66D9 /* SwiftUI1 */ = {
			isa = PBXGroup;
			children = (
				3DFDCB5C2BC6D6E300BA66D9 /* SwiftUI1App.swift */,
				3DFDCB5E2BC6D6E300BA66D9 /* ContentView.swift */,
				3DFDCB6C2BC6E1E900BA66D9 /* SwiftUIView.swift */,
				3DFDCB6E2BC94AFC00BA66D9 /* KaspiHW.swift */,
				3DFDCB702BC95ABB00BA66D9 /* SegmentControl.swift */,
				3DFDCB602BC6D6E500BA66D9 /* Assets.xcassets */,
				3DFDCB622BC6D6E500BA66D9 /* Preview Content */,
			);
			path = SwiftUI1;
			sourceTree = "<group>";
		};
		3DFDCB622BC6D6E500BA66D9 /* Preview Content */ = {
			isa = PBXGroup;
			children = (
				3DFDCB632BC6D6E500BA66D9 /* Preview Assets.xcassets */,
			);
			path = "Preview Content";
			sourceTree = "<group>";
		};
/* End PBXGroup section */

/* Begin PBXNativeTarget section */
		3DFDCB582BC6D6E300BA66D9 /* SwiftUI1 */ = {
			isa = PBXNativeTarget;
			buildConfigurationList = 3DFDCB672BC6D6E500BA66D9 /* Build configuration list for PBXNativeTarget "SwiftUI1" */;
			buildPhases = (
				3DFDCB552BC6D6E300BA66D9 /* Sources */,
				3DFDCB562BC6D6E300BA66D9 /* Frameworks */,
				3DFDCB572BC6D6E300BA66D9 /* Resources */,
			);
			buildRules = (
			);
			dependencies = (
			);
			name = SwiftUI1;
			productName = SwiftUI1;
			productReference = 3DFDCB592BC6D6E300BA66D9 /* SwiftUI1.app */;
			productType = "com.apple.product-type.application";
		};
/* End PBXNativeTarget section */

/* Begin PBXProject section */
		3DFDCB512BC6D6E300BA66D9 /* Project object */ = {
			isa = PBXProject;
			attributes = {
				BuildIndependentTargetsInParallel = 1;
				LastSwiftUpdateCheck = 1430;
				LastUpgradeCheck = 1430;
				TargetAttributes = {
					3DFDCB582BC6D6E300BA66D9 = {
						CreatedOnToolsVersion = 14.3.1;
					};
				};
			};
			buildConfigurationList = 3DFDCB542BC6D6E300BA66D9 /* Build configuration list for PBXProject "SwiftUI1" */;
			compatibilityVersion = "Xcode 14.0";
			developmentRegion = en;
			hasScannedForEncodings = 0;
			knownRegions = (
				en,
				Base,
			);
			mainGroup = 3DFDCB502BC6D6E300BA66D9;
			productRefGroup = 3DFDCB5A2BC6D6E300BA66D9 /* Products */;
			projectDirPath = "";
			projectRoot = "";
			targets = (
				3DFDCB582BC6D6E300BA66D9 /* SwiftUI1 */,
			);
		};
/* End PBXProject section */

/* Begin PBXResourcesBuildPhase section */
		3DFDCB572BC6D6E300BA66D9 /* Resources */ = {
			isa = PBXResourcesBuildPhase;
			buildActionMask = 2147483647;
			files = (
				3DFDCB642BC6D6E500BA66D9 /* Preview Assets.xcassets in Resources */,
				3DFDCB612BC6D6E500BA66D9 /* Assets.xcassets in Resources */,
			);
			runOnlyForDeploymentPostprocessing = 0;
		};
/* End PBXResourcesBuildPhase section */

/* Begin PBXSourcesBuildPhase section */
		3DFDCB552BC6D6E300BA66D9 /* Sources */ = {
			isa = PBXSourcesBuildPhase;
			buildActionMask = 2147483647;
			files = (
				3DFDCB5F2BC6D6E300BA66D9 /* ContentView.swift in Sources */,
				3DFDCB6D2BC6E1E900BA66D9 /* SwiftUIView.swift in Sources */,
				3DFDCB6F2BC94AFC00BA66D9 /* KaspiHW.swift in Sources */,
				3DFDCB5D2BC6D6E300BA66D9 /* SwiftUI1App.swift in Sources */,
				3DFDCB712BC95ABB00BA66D9 /* SegmentControl.swift in Sources */,
			);
			runOnlyForDeploymentPostprocessing = 0;
		};
/* End PBXSourcesBuildPhase section */

/* Begin XCBuildConfiguration section */
		3DFDCB652BC6D6E500BA66D9 /* Debug */ = {
			isa = XCBuildConfiguration;
			buildSettings = {
				ALWAYS_SEARCH_USER_PATHS = NO;
				CLANG_ANALYZER_NONNULL = YES;
				CLANG_ANALYZER_NUMBER_OBJECT_CONVERSION = YES_AGGRESSIVE;
				CLANG_CXX_LANGUAGE_STANDARD = "gnu++20";
				CLANG_ENABLE_MODULES = YES;
				CLANG_ENABLE_OBJC_ARC = YES;
				CLANG_ENABLE_OBJC_WEAK = YES;
				CLANG_WARN_BLOCK_CAPTURE_AUTORELEASING = YES;
				CLANG_WARN_BOOL_CONVERSION = YES;
				CLANG_WARN_COMMA = YES;
				CLANG_WARN_CONSTANT_CONVERSION = YES;
				CLANG_WARN_DEPRECATED_OBJC_IMPLEMENTATIONS = YES;
				CLANG_WARN_DIRECT_OBJC_ISA_USAGE = YES_ERROR;
				CLANG_WARN_DOCUMENTATION_COMMENTS = YES;
				CLANG_WARN_EMPTY_BODY = YES;
				CLANG_WARN_ENUM_CONVERSION = YES;
				CLANG_WARN_INFINITE_RECURSION = YES;
				CLANG_WARN_INT_CONVERSION = YES;
				CLANG_WARN_NON_LITERAL_NULL_CONVERSION = YES;
				CLANG_WARN_OBJC_IMPLICIT_RETAIN_SELF = YES;
				CLANG_WARN_OBJC_LITERAL_CONVERSION = YES;
				CLANG_WARN_OBJC_ROOT_CLASS = YES_ERROR;
				CLANG_WARN_QUOTED_INCLUDE_IN_FRAMEWORK_HEADER = YES;
				CLANG_WARN_RANGE_LOOP_ANALYSIS = YES;
				CLANG_WARN_STRICT_PROTOTYPES = YES;
				CLANG_WARN_SUSPICIOUS_MOVE = YES;
				CLANG_WARN_UNGUARDED_AVAILABILITY = YES_AGGRESSIVE;
				CLANG_WARN_UNREACHABLE_CODE = YES;
				CLANG_WARN__DUPLICATE_METHOD_MATCH = YES;
				COPY_PHASE_STRIP = NO;
				DEBUG_INFORMATION_FORMAT = dwarf;
				ENABLE_STRICT_OBJC_MSGSEND = YES;
				ENABLE_TESTABILITY = YES;
				GCC_C_LANGUAGE_STANDARD = gnu11;
				GCC_DYNAMIC_NO_PIC = NO;
				GCC_NO_COMMON_BLOCKS = YES;
				GCC_OPTIMIZATION_LEVEL = 0;
				GCC_PREPROCESSOR_DEFINITIONS = (
					"DEBUG=1",
					"$(inherited)",
				);
				GCC_WARN_64_TO_32_BIT_CONVERSION = YES;
				GCC_WARN_ABOUT_RETURN_TYPE = YES_ERROR;
				GCC_WARN_UNDECLARED_SELECTOR = YES;
				GCC_WARN_UNINITIALIZED_AUTOS = YES_AGGRESSIVE;
				GCC_WARN_UNUSED_FUNCTION = YES;
				GCC_WARN_UNUSED_VARIABLE = YES;
				IPHONEOS_DEPLOYMENT_TARGET = 16.4;
				MTL_ENABLE_DEBUG_INFO = INCLUDE_SOURCE;
				MTL_FAST_MATH = YES;
				ONLY_ACTIVE_ARCH = YES;
				SDKROOT = iphoneos;
				SWIFT_ACTIVE_COMPILATION_CONDITIONS = DEBUG;
				SWIFT_OPTIMIZATION_LEVEL = "-Onone";
			};
			name = Debug;
		};
		3DFDCB662BC6D6E500BA66D9 /* Release */ = {
			isa = XCBuildConfiguration;
			buildSettings = {
				ALWAYS_SEARCH_USER_PATHS = NO;
				CLANG_ANALYZER_NONNULL = YES;
				CLANG_ANALYZER_NUMBER_OBJECT_CONVERSION = YES_AGGRESSIVE;
				CLANG_CXX_LANGUAGE_STANDARD = "gnu++20";
				CLANG_ENABLE_MODULES = YES;
				CLANG_ENABLE_OBJC_ARC = YES;
				CLANG_ENABLE_OBJC_WEAK = YES;
				CLANG_WARN_BLOCK_CAPTURE_AUTORELEASING = YES;
				CLANG_WARN_BOOL_CONVERSION = YES;
				CLANG_WARN_COMMA = YES;
				CLANG_WARN_CONSTANT_CONVERSION = YES;
				CLANG_WARN_DEPRECATED_OBJC_IMPLEMENTATIONS = YES;
				CLANG_WARN_DIRECT_OBJC_ISA_USAGE = YES_ERROR;
				CLANG_WARN_DOCUMENTATION_COMMENTS = YES;
				CLANG_WARN_EMPTY_BODY = YES;
				CLANG_WARN_ENUM_CONVERSION = YES;
				CLANG_WARN_INFINITE_RECURSION = YES;
				CLANG_WARN_INT_CONVERSION = YES;
				CLANG_WARN_NON_LITERAL_NULL_CONVERSION = YES;
				CLANG_WARN_OBJC_IMPLICIT_RETAIN_SELF = YES;
				CLANG_WARN_OBJC_LITERAL_CONVERSION = YES;
				CLANG_WARN_OBJC_ROOT_CLASS = YES_ERROR;
				CLANG_WARN_QUOTED_INCLUDE_IN_FRAMEWORK_HEADER = YES;
				CLANG_WARN_RANGE_LOOP_ANALYSIS = YES;
				CLANG_WARN_STRICT_PROTOTYPES = YES;
				CLANG_WARN_SUSPICIOUS_MOVE = YES;
				CLANG_WARN_UNGUARDED_AVAILABILITY = YES_AGGRESSIVE;
				CLANG_WARN_UNREACHABLE_CODE = YES;
				CLANG_WARN__DUPLICATE_METHOD_MATCH = YES;
				COPY_PHASE_STRIP = NO;
				DEBUG_INFORMATION_FORMAT = "dwarf-with-dsym";
				ENABLE_NS_ASSERTIONS = NO;
				ENABLE_STRICT_OBJC_MSGSEND = YES;
				GCC_C_LANGUAGE_STANDARD = gnu11;
				GCC_NO_COMMON_BLOCKS = YES;
				GCC_WARN_64_TO_32_BIT_CONVERSION = YES;
				GCC_WARN_ABOUT_RETURN_TYPE = YES_ERROR;
				GCC_WARN_UNDECLARED_SELECTOR = YES;
				GCC_WARN_UNINITIALIZED_AUTOS = YES_AGGRESSIVE;
				GCC_WARN_UNUSED_FUNCTION = YES;
				GCC_WARN_UNUSED_VARIABLE = YES;
				IPHONEOS_DEPLOYMENT_TARGET = 16.4;
				MTL_ENABLE_DEBUG_INFO = NO;
				MTL_FAST_MATH = YES;
				SDKROOT = iphoneos;
				SWIFT_COMPILATION_MODE = wholemodule;
				SWIFT_OPTIMIZATION_LEVEL = "-O";
				VALIDATE_PRODUCT = YES;
			};
			name = Release;
		};
		3DFDCB682BC6D6E500BA66D9 /* Debug */ = {
			isa = XCBuildConfiguration;
			buildSettings = {
				ASSETCATALOG_COMPILER_APPICON_NAME = AppIcon;
				ASSETCATALOG_COMPILER_GLOBAL_ACCENT_COLOR_NAME = AccentColor;
				CODE_SIGN_STYLE = Automatic;
				CURRENT_PROJECT_VERSION = 1;
				DEVELOPMENT_ASSET_PATHS = "\"SwiftUI1/Preview Content\"";
				DEVELOPMENT_TEAM = WN2VNXV84T;
				ENABLE_PREVIEWS = YES;
				GENERATE_INFOPLIST_FILE = YES;
				INFOPLIST_KEY_UIApplicationSceneManifest_Generation = YES;
				INFOPLIST_KEY_UIApplicationSupportsIndirectInputEvents = YES;
				INFOPLIST_KEY_UILaunchScreen_Generation = YES;
				INFOPLIST_KEY_UISupportedInterfaceOrientations_iPad = "UIInterfaceOrientationPortrait UIInterfaceOrientationPortraitUpsideDown UIInterfaceOrientationLandscapeLeft UIInterfaceOrientationLandscapeRight";
				INFOPLIST_KEY_UISupportedInterfaceOrientations_iPhone = "UIInterfaceOrientationPortrait UIInterfaceOrientationLandscapeLeft UIInterfaceOrientationLandscapeRight";
				LD_RUNPATH_SEARCH_PATHS = (
					"$(inherited)",
					"@executable_path/Frameworks",
				);
				MARKETING_VERSION = 1.0;
				PRODUCT_BUNDLE_IDENTIFIER = com.drdablack.SwiftUI1;
				PRODUCT_NAME = "$(TARGET_NAME)";
				SWIFT_EMIT_LOC_STRINGS = YES;
				SWIFT_VERSION = 5.0;
				TARGETED_DEVICE_FAMILY = "1,2";
			};
			name = Debug;
		};
		3DFDCB692BC6D6E500BA66D9 /* Release */ = {
			isa = XCBuildConfiguration;
			buildSettings = {
				ASSETCATALOG_COMPILER_APPICON_NAME = AppIcon;
				ASSETCATALOG_COMPILER_GLOBAL_ACCENT_COLOR_NAME = AccentColor;
				CODE_SIGN_STYLE = Automatic;
				CURRENT_PROJECT_VERSION = 1;
				DEVELOPMENT_ASSET_PATHS = "\"SwiftUI1/Preview Content\"";
				DEVELOPMENT_TEAM = WN2VNXV84T;
				ENABLE_PREVIEWS = YES;
				GENERATE_INFOPLIST_FILE = YES;
				INFOPLIST_KEY_UIApplicationSceneManifest_Generation = YES;
				INFOPLIST_KEY_UIApplicationSupportsIndirectInputEvents = YES;
				INFOPLIST_KEY_UILaunchScreen_Generation = YES;
				INFOPLIST_KEY_UISupportedInterfaceOrientations_iPad = "UIInterfaceOrientationPortrait UIInterfaceOrientationPortraitUpsideDown UIInterfaceOrientationLandscapeLeft UIInterfaceOrientationLandscapeRight";
				INFOPLIST_KEY_UISupportedInterfaceOrientations_iPhone = "UIInterfaceOrientationPortrait UIInterfaceOrientationLandscapeLeft UIInterfaceOrientationLandscapeRight";
				LD_RUNPATH_SEARCH_PATHS = (
					"$(inherited)",
					"@executable_path/Frameworks",
				);
				MARKETING_VERSION = 1.0;
				PRODUCT_BUNDLE_IDENTIFIER = com.drdablack.SwiftUI1;
				PRODUCT_NAME = "$(TARGET_NAME)";
				SWIFT_EMIT_LOC_STRINGS = YES;
				SWIFT_VERSION = 5.0;
				TARGETED_DEVICE_FAMILY = "1,2";
			};
			name = Release;
		};
/* End XCBuildConfiguration section */

/* Begin XCConfigurationList section */
		3DFDCB542BC6D6E300BA66D9 /* Build configuration list for PBXProject "SwiftUI1" */ = {
			isa = XCConfigurationList;
			buildConfigurations = (
				3DFDCB652BC6D6E500BA66D9 /* Debug */,
				3DFDCB662BC6D6E500BA66D9 /* Release */,
			);
			defaultConfigurationIsVisible = 0;
			defaultConfigurationName = Release;
		};
		3DFDCB672BC6D6E500BA66D9 /* Build configuration list for PBXNativeTarget "SwiftUI1" */ = {
			isa = XCConfigurationList;
			buildConfigurations = (
				3DFDCB682BC6D6E500BA66D9 /* Debug */,
				3DFDCB692BC6D6E500BA66D9 /* Release */,
			);
			defaultConfigurationIsVisible = 0;
			defaultConfigurationName = Release;
		};
/* End XCConfigurationList section */
	};
	rootObject = 3DFDCB512BC6D6E300BA66D9 /* Project object */;
}
